
Microsoft Visual Studio Solution File, Format Version 12.00
# Visual Studio Version 16
VisualStudioVersion = 16.0.30517.126
MinimumVisualStudioVersion = 10.0.40219.1
Project("{8BC9CEB8-8B4A-11D0-8D11-00A0C91BC942}") = "NinAtHome", "NinAtHome\NinAtHome.vcxproj", "{5067AFBD-8336-4B9D-AF66-49BD1DC625D3}"
EndProject
Project("{8BC9CEB8-8B4A-11D0-8D11-00A0C91BC942}") = "03_InputDevice", "03_InputDevice\03_InputDevice.vcxproj", "{59009CC8-769F-4BDB-9334-A8C3F450FA68}"
EndProject
Project("{8BC9CEB8-8B4A-11D0-8D11-00A0C91BC942}") = "04_WindowManager", "04_WindowManager\04_WindowManager.vcxproj", "{948FF8DD-8FB2-4E3E-8AB2-F9F702F9C501}"
EndProject
Global
	GlobalSection(SolutionConfigurationPlatforms) = preSolution
		Debug|x64 = Debug|x64
		Debug|x86 = Debug|x86
		Release|x64 = Release|x64
		Release|x86 = Release|x86
	EndGlobalSection
	GlobalSection(ProjectConfigurationPlatforms) = postSolution
		{5067AFBD-8336-4B9D-AF66-49BD1DC625D3}.Debug|x64.ActiveCfg = Debug|x64
		{5067AFBD-8336-4B9D-AF66-49BD1DC625D3}.Debug|x64.Build.0 = Debug|x64
		{5067AFBD-8336-4B9D-AF66-49BD1DC625D3}.Debug|x86.ActiveCfg = Debug|x64
		{5067AFBD-8336-4B9D-AF66-49BD1DC625D3}.Release|x64.ActiveCfg = Release|x64
		{5067AFBD-8336-4B9D-AF66-49BD1DC625D3}.Release|x64.Build.0 = Release|x64
		{5067AFBD-8336-4B9D-AF66-49BD1DC625D3}.Release|x86.ActiveCfg = Release|x64
		{59009CC8-769F-4BDB-9334-A8C3F450FA68}.Debug|x64.ActiveCfg = Debug|x64
		{59009CC8-769F-4BDB-9334-A8C3F450FA68}.Debug|x64.Build.0 = Debug|x64
		{59009CC8-769F-4BDB-9334-A8C3F450FA68}.Debug|x86.ActiveCfg = Debug|Win32
		{59009CC8-769F-4BDB-9334-A8C3F450FA68}.Debug|x86.Build.0 = Debug|Win32
		{59009CC8-769F-4BDB-9334-A8C3F450FA68}.Release|x64.ActiveCfg = Release|x64
		{59009CC8-769F-4BDB-9334-A8C3F450FA68}.Release|x64.Build.0 = Release|x64
		{59009CC8-769F-4BDB-9334-A8C3F450FA68}.Release|x86.ActiveCfg = Release|Win32
		{59009CC8-769F-4BDB-9334-A8C3F450FA68}.Release|x86.Build.0 = Release|Win32
		{948FF8DD-8FB2-4E3E-8AB2-F9F702F9C501}.Debug|x64.ActiveCfg = Debug|x64
		{948FF8DD-8FB2-4E3E-8AB2-F9F702F9C501}.Debug|x64.Build.0 = Debug|x64
		{948FF8DD-8FB2-4E3E-8AB2-F9F702F9C501}.Debug|x86.ActiveCfg = Debug|Win32
		{948FF8DD-8FB2-4E3E-8AB2-F9F702F9C501}.Debug|x86.Build.0 = Debug|Win32
		{948FF8DD-8FB2-4E3E-8AB2-F9F702F9C501}.Release|x64.ActiveCfg = Release|x64
		{948FF8DD-8FB2-4E3E-8AB2-F9F702F9C501}.Release|x64.Build.0 = Release|x64
		{948FF8DD-8FB2-4E3E-8AB2-F9F702F9C501}.Release|x86.ActiveCfg = Release|Win32
		{948FF8DD-8FB2-4E3E-8AB2-F9F702F9C501}.Release|x86.Build.0 = Release|Win32
	EndGlobalSection
	GlobalSection(SolutionProperties) = preSolution
		HideSolutionNode = FALSE
	EndGlobalSection
	GlobalSection(ExtensibilityGlobals) = postSolution
		SolutionGuid = {8F7F1993-70BA-47DA-8FEA-2E20A220FDC1}
	EndGlobalSection
EndGlobal
