<?xml version="1.0" encoding="utf-8"?>
<Project ToolsVersion="4.0" xmlns="http://schemas.microsoft.com/developer/msbuild/2003">
  <ItemGroup>
    <Filter Include="Source Files">
      <UniqueIdentifier>{4FC737F1-C7A5-4376-A066-2A32D752A2FF}</UniqueIdentifier>
      <Extensions>cpp;c;cc;cxx;c++;cppm;ixx;def;odl;idl;hpj;bat;asm;asmx</Extensions>
    </Filter>
    <Filter Include="Header Files">
      <UniqueIdentifier>{93995380-89BD-4b04-88EB-625FBE52EBFB}</UniqueIdentifier>
      <Extensions>h;hh;hpp;hxx;h++;hm;inl;inc;ipp;xsd</Extensions>
    </Filter>
    <Filter Include="Resource Files">
      <UniqueIdentifier>{67DA6AB6-F800-4c08-8B7A-83BB121AAD01}</UniqueIdentifier>
      <Extensions>rc;ico;cur;bmp;dlg;rc2;rct;bin;rgs;gif;jpg;jpeg;jpe;resx;tiff;tif;png;wav;mfcribbon-ms</Extensions>
    </Filter>
    <Filter Include="00_ForLowLevel">
      <UniqueIdentifier>{357f8b07-e63e-4cbb-af43-906ee46fb3e7}</UniqueIdentifier>
    </Filter>
    <Filter Include="01_MiddleFunc">
      <UniqueIdentifier>{2c5d331c-e6cb-4c25-8cad-ac37a78a30e9}</UniqueIdentifier>
    </Filter>
    <Filter Include="02_HightFrame">
      <UniqueIdentifier>{37d4d3e0-6655-41c2-8757-b9946156b761}</UniqueIdentifier>
    </Filter>
    <Filter Include="02_HightFrame\Common">
      <UniqueIdentifier>{12bb6ad6-9b1c-4afc-990b-5256894317da}</UniqueIdentifier>
    </Filter>
    <Filter Include="02_HightFrame\Scene">
      <UniqueIdentifier>{a91009c0-b42c-48bd-ab6b-2cf6538a2ed9}</UniqueIdentifier>
    </Filter>
    <Filter Include="02_HightFrame\Object">
      <UniqueIdentifier>{47e31696-79dd-46f5-b0db-0be9b2e8c92b}</UniqueIdentifier>
    </Filter>
    <Filter Include="02_HightFrame\Component">
      <UniqueIdentifier>{59951144-5c53-4bc6-82eb-9025d17482c4}</UniqueIdentifier>
    </Filter>
    <Filter Include="02_HightFrame\Root">
      <UniqueIdentifier>{780eb3c1-8b2b-4da2-99f8-bc570e346ebf}</UniqueIdentifier>
    </Filter>
    <Filter Include="02_HightFrame\Factory">
      <UniqueIdentifier>{7827a381-76e9-4229-a68d-b6a0711f6a2d}</UniqueIdentifier>
    </Filter>
  </ItemGroup>
  <ItemGroup>
    <ClInclude Include="BasicInit_LowLevel\main.h">
      <Filter>00_ForLowLevel</Filter>
    </ClInclude>
    <ClInclude Include="BasicInit_LowLevel\GlProcess.h">
      <Filter>00_ForLowLevel</Filter>
    </ClInclude>
    <ClInclude Include="BasicInit_LowLevel\GlHelper.h">
      <Filter>00_ForLowLevel</Filter>
    </ClInclude>
    <ClInclude Include="BasicInit_LowLevel\stb_image.h">
      <Filter>00_ForLowLevel</Filter>
    </ClInclude>
    <ClInclude Include="MiddleFunctions\TextureHelper.h">
      <Filter>01_MiddleFunc</Filter>
    </ClInclude>
    <ClInclude Include="MiddleFunctions\texture.h">
      <Filter>01_MiddleFunc</Filter>
    </ClInclude>
    <ClInclude Include="MiddleFunctions\SpriteHelper.h">
      <Filter>01_MiddleFunc</Filter>
    </ClInclude>
    <ClInclude Include="MiddleFunctions\sprite.h">
      <Filter>01_MiddleFunc</Filter>
    </ClInclude>
    <ClInclude Include="MiddleFunctions\ControllerHelper.h">
      <Filter>01_MiddleFunc</Filter>
    </ClInclude>
    <ClInclude Include="MiddleFunctions\controller.h">
      <Filter>01_MiddleFunc</Filter>
    </ClInclude>
    <ClInclude Include="BasicInit_LowLevel\NinLog.h">
      <Filter>00_ForLowLevel</Filter>
    </ClInclude>
    <ClInclude Include="MiddleFunctions\json.h">
      <Filter>01_MiddleFunc</Filter>
    </ClInclude>
    <ClInclude Include="MiddleFunctions\JsonHelper.h">
      <Filter>01_MiddleFunc</Filter>
    </ClInclude>
    <ClInclude Include="HighFrame\ObjectFactory.h">
      <Filter>02_HightFrame\Factory</Filter>
    </ClInclude>
    <ClInclude Include="HighFrame\PropertyManager.h">
      <Filter>02_HightFrame\Factory</Filter>
    </ClInclude>
    <ClInclude Include="HighFrame\RootSystem.h">
      <Filter>02_HightFrame\Root</Filter>
    </ClInclude>
    <ClInclude Include="HighFrame\SceneManager.h">
      <Filter>02_HightFrame\Scene</Filter>
    </ClInclude>
    <ClInclude Include="HighFrame\SceneNode.h">
      <Filter>02_HightFrame\Scene</Filter>
    </ClInclude>
    <ClInclude Include="HighFrame\Object.h">
      <Filter>02_HightFrame\Object</Filter>
    </ClInclude>
    <ClInclude Include="HighFrame\HFCommon.h">
      <Filter>02_HightFrame\Common</Filter>
    </ClInclude>
    <ClInclude Include="HighFrame\Component.h">
      <Filter>02_HightFrame\Component</Filter>
    </ClInclude>
    <ClInclude Include="HighFrame\UComponent.h">
      <Filter>02_HightFrame\Component</Filter>
    </ClInclude>
    <ClInclude Include="HighFrame\UiObject.h">
      <Filter>02_HightFrame\Object</Filter>
    </ClInclude>
    <ClInclude Include="HighFrame\AComponent.h">
      <Filter>02_HightFrame\Component</Filter>
    </ClInclude>
    <ClInclude Include="HighFrame\ActorObject.h">
      <Filter>02_HightFrame\Object</Filter>
    </ClInclude>
    <ClInclude Include="HighFrame\PropertyNode.h">
      <Filter>02_HightFrame\Factory</Filter>
    </ClInclude>
    <ClInclude Include="HighFrame\UTransformComponent.h">
      <Filter>02_HightFrame\Component</Filter>
    </ClInclude>
    <ClInclude Include="HighFrame\UInputComponent.h">
      <Filter>02_HightFrame\Component</Filter>
    </ClInclude>
    <ClInclude Include="HighFrame\UCheckComponent.h">
      <Filter>02_HightFrame\Component</Filter>
    </ClInclude>
    <ClInclude Include="HighFrame\UTextComponent.h">
      <Filter>02_HightFrame\Component</Filter>
    </ClInclude>
    <ClInclude Include="HighFrame\UBtnMapComponent.h">
      <Filter>02_HightFrame\Component</Filter>
    </ClInclude>
    <ClInclude Include="HighFrame\USpriteComponent.h">
      <Filter>02_HightFrame\Component</Filter>
    </ClInclude>
    <ClInclude Include="HighFrame\UInteractionComponent.h">
      <Filter>02_HightFrame\Component</Filter>
    </ClInclude>
    <ClInclude Include="HighFrame\AInteractionComponent.h">
      <Filter>02_HightFrame\Component</Filter>
    </ClInclude>
    <ClInclude Include="HighFrame\ATransformComponent.h">
      <Filter>02_HightFrame\Component</Filter>
    </ClInclude>
    <ClInclude Include="HighFrame\ATimerComponent.h">
      <Filter>02_HightFrame\Component</Filter>
    </ClInclude>
    <ClInclude Include="HighFrame\AInputComponent.h">
      <Filter>02_HightFrame\Component</Filter>
    </ClInclude>
    <ClInclude Include="HighFrame\ASpriteComponent.h">
      <Filter>02_HightFrame\Component</Filter>
    </ClInclude>
    <ClInclude Include="HighFrame\ACollisionComponent.h">
      <Filter>02_HightFrame\Component</Filter>
    </ClInclude>
    <ClInclude Include="HighFrame\AAnimateComponent.h">
      <Filter>02_HightFrame\Component</Filter>
    </ClInclude>
  </ItemGroup>
  <ItemGroup>
    <ClCompile Include="Main.cpp">
      <Filter>Source Files</Filter>
    </ClCompile>
    <ClCompile Include="BasicInit_LowLevel\GlProcess.cpp">
      <Filter>00_ForLowLevel</Filter>
    </ClCompile>
    <ClCompile Include="BasicInit_LowLevel\LowLevelCpp.cpp">
      <Filter>00_ForLowLevel</Filter>
    </ClCompile>
    <ClCompile Include="BasicInit_LowLevel\GlHelper.cpp">
      <Filter>00_ForLowLevel</Filter>
    </ClCompile>
    <ClCompile Include="MiddleFunctions\TextureHelper.cpp">
      <Filter>01_MiddleFunc</Filter>
    </ClCompile>
    <ClCompile Include="MiddleFunctions\SpriteHelper.cpp">
      <Filter>01_MiddleFunc</Filter>
    </ClCompile>
    <ClCompile Include="MiddleFunctions\ControllerHelper.cpp">
      <Filter>01_MiddleFunc</Filter>
    </ClCompile>
    <ClCompile Include="BasicInit_LowLevel\NinLog.cpp">
      <Filter>00_ForLowLevel</Filter>
    </ClCompile>
    <ClCompile Include="MiddleFunctions\JsonHelper.cpp">
      <Filter>01_MiddleFunc</Filter>
    </ClCompile>
    <ClCompile Include="HighFrame\ObjectFactory.cpp">
      <Filter>02_HightFrame\Factory</Filter>
    </ClCompile>
    <ClCompile Include="HighFrame\PropertyManager.cpp">
      <Filter>02_HightFrame\Factory</Filter>
    </ClCompile>
    <ClCompile Include="HighFrame\RootSystem.cpp">
      <Filter>02_HightFrame\Root</Filter>
    </ClCompile>
    <ClCompile Include="HighFrame\SceneManager.cpp">
      <Filter>02_HightFrame\Scene</Filter>
    </ClCompile>
    <ClCompile Include="HighFrame\SceneNode.cpp">
      <Filter>02_HightFrame\Scene</Filter>
    </ClCompile>
    <ClCompile Include="HighFrame\Object.cpp">
      <Filter>02_HightFrame\Object</Filter>
    </ClCompile>
    <ClCompile Include="HighFrame\Component.cpp">
      <Filter>02_HightFrame\Component</Filter>
    </ClCompile>
    <ClCompile Include="HighFrame\UComponent.cpp">
      <Filter>02_HightFrame\Component</Filter>
    </ClCompile>
    <ClCompile Include="HighFrame\UiObject.cpp">
      <Filter>02_HightFrame\Object</Filter>
    </ClCompile>
    <ClCompile Include="HighFrame\AComponent.cpp">
      <Filter>02_HightFrame\Component</Filter>
    </ClCompile>
    <ClCompile Include="HighFrame\ActorObject.cpp">
      <Filter>02_HightFrame\Object</Filter>
    </ClCompile>
    <ClCompile Include="HighFrame\PropertyNode.cpp">
      <Filter>02_HightFrame\Factory</Filter>
    </ClCompile>
    <ClCompile Include="HighFrame\UTransformComponent.cpp">
      <Filter>02_HightFrame\Component</Filter>
    </ClCompile>
    <ClCompile Include="HighFrame\UInputComponent.cpp">
      <Filter>02_HightFrame\Component</Filter>
    </ClCompile>
    <ClCompile Include="HighFrame\UCheckComponent.cpp">
      <Filter>02_HightFrame\Component</Filter>
    </ClCompile>
    <ClCompile Include="HighFrame\UTextComponent.cpp">
      <Filter>02_HightFrame\Component</Filter>
    </ClCompile>
    <ClCompile Include="HighFrame\UBtnMapComponent.cpp">
      <Filter>02_HightFrame\Component</Filter>
    </ClCompile>
    <ClCompile Include="HighFrame\USpriteComponent.cpp">
      <Filter>02_HightFrame\Component</Filter>
    </ClCompile>
    <ClCompile Include="HighFrame\UInteractionComponent.cpp">
      <Filter>02_HightFrame\Component</Filter>
    </ClCompile>
    <ClCompile Include="HighFrame\AInteractionComponent.cpp">
      <Filter>02_HightFrame\Component</Filter>
    </ClCompile>
    <ClCompile Include="HighFrame\ATransformComponent.cpp">
      <Filter>02_HightFrame\Component</Filter>
    </ClCompile>
    <ClCompile Include="HighFrame\ATimerComponent.cpp">
      <Filter>02_HightFrame\Component</Filter>
    </ClCompile>
    <ClCompile Include="HighFrame\AInputComponent.cpp">
      <Filter>02_HightFrame\Component</Filter>
    </ClCompile>
    <ClCompile Include="HighFrame\ASpriteComponent.cpp">
      <Filter>02_HightFrame\Component</Filter>
    </ClCompile>
    <ClCompile Include="HighFrame\ACollisionComponent.cpp">
      <Filter>02_HightFrame\Component</Filter>
    </ClCompile>
    <ClCompile Include="HighFrame\AAnimateComponent.cpp">
      <Filter>02_HightFrame\Component</Filter>
    </ClCompile>
  </ItemGroup>
</Project>