<?xml version="1.0" encoding="utf-8"?>
<Project ToolsVersion="4.0" xmlns="http://schemas.microsoft.com/developer/msbuild/2003">
  <ItemGroup>
    <Filter Include="Source Files">
      <UniqueIdentifier>{4FC737F1-C7A5-4376-A066-2A32D752A2FF}</UniqueIdentifier>
      <Extensions>cpp;c;cc;cxx;c++;cppm;ixx;def;odl;idl;hpj;bat;asm;asmx</Extensions>
    </Filter>
    <Filter Include="Header Files">
      <UniqueIdentifier>{93995380-89BD-4b04-88EB-625FBE52EBFB}</UniqueIdentifier>
      <Extensions>h;hh;hpp;hxx;h++;hm;inl;inc;ipp;xsd</Extensions>
    </Filter>
    <Filter Include="Resource Files">
      <UniqueIdentifier>{67DA6AB6-F800-4c08-8B7A-83BB121AAD01}</UniqueIdentifier>
      <Extensions>rc;ico;cur;bmp;dlg;rc2;rct;bin;rgs;gif;jpg;jpeg;jpe;resx;tiff;tif;png;wav;mfcribbon-ms</Extensions>
    </Filter>
    <Filter Include="ForLowLevel">
      <UniqueIdentifier>{357f8b07-e63e-4cbb-af43-906ee46fb3e7}</UniqueIdentifier>
    </Filter>
    <Filter Include="MiddleFunc">
      <UniqueIdentifier>{2c5d331c-e6cb-4c25-8cad-ac37a78a30e9}</UniqueIdentifier>
    </Filter>
  </ItemGroup>
  <ItemGroup>
    <ClInclude Include="BasicInit_LowLevel\main.h">
      <Filter>ForLowLevel</Filter>
    </ClInclude>
    <ClInclude Include="BasicInit_LowLevel\GlProcess.h">
      <Filter>ForLowLevel</Filter>
    </ClInclude>
    <ClInclude Include="BasicInit_LowLevel\GlHelper.h">
      <Filter>ForLowLevel</Filter>
    </ClInclude>
    <ClInclude Include="BasicInit_LowLevel\stb_image.h">
      <Filter>ForLowLevel</Filter>
    </ClInclude>
    <ClInclude Include="MiddleFunctions\TextureHelper.h">
      <Filter>MiddleFunc</Filter>
    </ClInclude>
    <ClInclude Include="MiddleFunctions\texture.h">
      <Filter>MiddleFunc</Filter>
    </ClInclude>
    <ClInclude Include="MiddleFunctions\SpriteHelper.h">
      <Filter>MiddleFunc</Filter>
    </ClInclude>
    <ClInclude Include="MiddleFunctions\sprite.h">
      <Filter>MiddleFunc</Filter>
    </ClInclude>
    <ClInclude Include="bg.h">
      <Filter>Header Files</Filter>
    </ClInclude>
    <ClInclude Include="player.h">
      <Filter>Header Files</Filter>
    </ClInclude>
    <ClInclude Include="MiddleFunctions\ControllerHelper.h">
      <Filter>MiddleFunc</Filter>
    </ClInclude>
    <ClInclude Include="MiddleFunctions\controller.h">
      <Filter>MiddleFunc</Filter>
    </ClInclude>
    <ClInclude Include="BasicInit_LowLevel\NinLog.h">
      <Filter>ForLowLevel</Filter>
    </ClInclude>
  </ItemGroup>
  <ItemGroup>
    <ClCompile Include="main.cpp">
      <Filter>Source Files</Filter>
    </ClCompile>
    <ClCompile Include="BasicInit_LowLevel\GlProcess.cpp">
      <Filter>ForLowLevel</Filter>
    </ClCompile>
    <ClCompile Include="BasicInit_LowLevel\LowLevelCpp.cpp">
      <Filter>ForLowLevel</Filter>
    </ClCompile>
    <ClCompile Include="BasicInit_LowLevel\GlHelper.cpp">
      <Filter>ForLowLevel</Filter>
    </ClCompile>
    <ClCompile Include="MiddleFunctions\TextureHelper.cpp">
      <Filter>MiddleFunc</Filter>
    </ClCompile>
    <ClCompile Include="MiddleFunctions\SpriteHelper.cpp">
      <Filter>MiddleFunc</Filter>
    </ClCompile>
    <ClCompile Include="bg.cpp">
      <Filter>Source Files</Filter>
    </ClCompile>
    <ClCompile Include="player.cpp">
      <Filter>Source Files</Filter>
    </ClCompile>
    <ClCompile Include="MiddleFunctions\ControllerHelper.cpp">
      <Filter>MiddleFunc</Filter>
    </ClCompile>
    <ClCompile Include="BasicInit_LowLevel\NinLog.cpp">
      <Filter>ForLowLevel</Filter>
    </ClCompile>
  </ItemGroup>
</Project>